
Microsoft Visual Studio Solution File, Format Version 12.00
# Visual Studio Version 17
VisualStudioVersion = 17.3.32922.545
MinimumVisualStudioVersion = 10.0.40219.1
Project("{9A19103F-16F7-4668-BE54-9A1E7A4F7556}") = "blockchain_questionary", "blockchain_questionary.csproj", "{18033A52-A015-478C-9A92-94CEE98FE7B3}"
EndProject
Global
	GlobalSection(SolutionConfigurationPlatforms) = preSolution
		Debug|Any CPU = Debug|Any CPU
		Release|Any CPU = Release|Any CPU
	EndGlobalSection
	GlobalSection(ProjectConfigurationPlatforms) = postSolution
		{18033A52-A015-478C-9A92-94CEE98FE7B3}.Debug|Any CPU.ActiveCfg = Debug|Any CPU
		{18033A52-A015-478C-9A92-94CEE98FE7B3}.Debug|Any CPU.Build.0 = Debug|Any CPU
		{18033A52-A015-478C-9A92-94CEE98FE7B3}.Release|Any CPU.ActiveCfg = Release|Any CPU
		{18033A52-A015-478C-9A92-94CEE98FE7B3}.Release|Any CPU.Build.0 = Release|Any CPU
	EndGlobalSection
	GlobalSection(SolutionProperties) = preSolution
		HideSolutionNode = FALSE
	EndGlobalSection
	GlobalSection(ExtensibilityGlobals) = postSolution
		SolutionGuid = {5CB02464-70BD-4D25-9FF4-D92416472877}
	EndGlobalSection
EndGlobal
